
Microsoft Visual Studio Solution File, Format Version 12.00
# Visual Studio Version 17
VisualStudioVersion = 17.7.34009.444
MinimumVisualStudioVersion = 10.0.40219.1
Project("{FAE04EC0-301F-11D3-BF4B-00C04F79EFBC}") = "Example", "Example\Example.csproj", "{C7353019-0B60-4EB1-A1D2-7B42B25CFFFE}"
EndProject
Project("{9A19103F-16F7-4668-BE54-9A1E7A4F7556}") = "Example.Data", "Example.Data\Example.Data.csproj", "{1BA63986-096E-4510-B434-E01694B405FF}"
EndProject
Global
	GlobalSection(SolutionConfigurationPlatforms) = preSolution
		Debug|Any CPU = Debug|Any CPU
		Release|Any CPU = Release|Any CPU
	EndGlobalSection
	GlobalSection(ProjectConfigurationPlatforms) = postSolution
		{C7353019-0B60-4EB1-A1D2-7B42B25CFFFE}.Debug|Any CPU.ActiveCfg = Debug|Any CPU
		{C7353019-0B60-4EB1-A1D2-7B42B25CFFFE}.Debug|Any CPU.Build.0 = Debug|Any CPU
		{C7353019-0B60-4EB1-A1D2-7B42B25CFFFE}.Release|Any CPU.ActiveCfg = Release|Any CPU
		{C7353019-0B60-4EB1-A1D2-7B42B25CFFFE}.Release|Any CPU.Build.0 = Release|Any CPU
		{1BA63986-096E-4510-B434-E01694B405FF}.Debug|Any CPU.ActiveCfg = Debug|Any CPU
		{1BA63986-096E-4510-B434-E01694B405FF}.Debug|Any CPU.Build.0 = Debug|Any CPU
		{1BA63986-096E-4510-B434-E01694B405FF}.Release|Any CPU.ActiveCfg = Release|Any CPU
		{1BA63986-096E-4510-B434-E01694B405FF}.Release|Any CPU.Build.0 = Release|Any CPU
	EndGlobalSection
	GlobalSection(SolutionProperties) = preSolution
		HideSolutionNode = FALSE
	EndGlobalSection
	GlobalSection(ExtensibilityGlobals) = postSolution
		SolutionGuid = {BE98577C-371C-4A18-8809-63C7115C5E27}
	EndGlobalSection
EndGlobal
